
Microsoft Visual Studio Solution File, Format Version 12.00
# Visual Studio Version 17
VisualStudioVersion = 17.9.34701.34
MinimumVisualStudioVersion = 10.0.40219.1
Project("{FAE04EC0-301F-11D3-BF4B-00C04F79EFBC}") = "NewProj_MVC", "NewProj_MVC\NewProj_MVC.csproj", "{EA45964E-7907-4D02-BE93-60E9F1510F93}"
EndProject
Global
	GlobalSection(SolutionConfigurationPlatforms) = preSolution
		Debug|Any CPU = Debug|Any CPU
		Release|Any CPU = Release|Any CPU
	EndGlobalSection
	GlobalSection(ProjectConfigurationPlatforms) = postSolution
		{EA45964E-7907-4D02-BE93-60E9F1510F93}.Debug|Any CPU.ActiveCfg = Debug|Any CPU
		{EA45964E-7907-4D02-BE93-60E9F1510F93}.Debug|Any CPU.Build.0 = Debug|Any CPU
		{EA45964E-7907-4D02-BE93-60E9F1510F93}.Release|Any CPU.ActiveCfg = Release|Any CPU
		{EA45964E-7907-4D02-BE93-60E9F1510F93}.Release|Any CPU.Build.0 = Release|Any CPU
	EndGlobalSection
	GlobalSection(SolutionProperties) = preSolution
		HideSolutionNode = FALSE
	EndGlobalSection
	GlobalSection(ExtensibilityGlobals) = postSolution
		SolutionGuid = {491D71F1-896E-434D-9A75-A7FD56286E8C}
	EndGlobalSection
EndGlobal
